
Microsoft Visual Studio Solution File, Format Version 12.00
# Visual Studio Version 17
VisualStudioVersion = 17.3.32929.385
MinimumVisualStudioVersion = 10.0.40219.1
Project("{FAE04EC0-301F-11D3-BF4B-00C04F79EFBC}") = "BankClient", "BankClient.csproj", "{10413849-9BB1-4191-A497-DDC5F0668208}"
EndProject
Global
	GlobalSection(SolutionConfigurationPlatforms) = preSolution
		Debug|Any CPU = Debug|Any CPU
		Release|Any CPU = Release|Any CPU
	EndGlobalSection
	GlobalSection(ProjectConfigurationPlatforms) = postSolution
		{10413849-9BB1-4191-A497-DDC5F0668208}.Debug|Any CPU.ActiveCfg = Debug|Any CPU
		{10413849-9BB1-4191-A497-DDC5F0668208}.Debug|Any CPU.Build.0 = Debug|Any CPU
		{10413849-9BB1-4191-A497-DDC5F0668208}.Release|Any CPU.ActiveCfg = Release|Any CPU
		{10413849-9BB1-4191-A497-DDC5F0668208}.Release|Any CPU.Build.0 = Release|Any CPU
	EndGlobalSection
	GlobalSection(SolutionProperties) = preSolution
		HideSolutionNode = FALSE
	EndGlobalSection
	GlobalSection(ExtensibilityGlobals) = postSolution
		SolutionGuid = {49E30A98-7E67-4D49-8EB6-AB01249B1DAE}
	EndGlobalSection
EndGlobal
